{
  "name": "react-complete-guide-course-resources",
  "lockfileVersion": 3,
  "requires": true,
  "packages": {
    "": {
      "dependencies": {
        "styled-components": "^6.1.12"
      }
    },
    "node_modules/@emotion/is-prop-valid": {
      "version": "1.2.2",
      "resolved": "https://jarowa.pkgs.visualstudio.com/_packaging/jarowa-npm-registry/npm/registry/@emotion/is-prop-valid/-/is-prop-valid-1.2.2.tgz",
      "integrity": "sha1-1BdQdmecaib6qSsDu3hvnlJhIzc=",
      "dependencies": {
        "@emotion/memoize": "^0.8.1"
      }
    },
    "node_modules/@emotion/memoize": {
      "version": "0.8.1",
      "resolved": "https://jarowa.pkgs.visualstudio.com/_packaging/jarowa-npm-registry/npm/registry/@emotion/memoize/-/memoize-0.8.1.tgz",
      "integrity": "sha1-wd2wQEKcbSHTjMlF/nXIGM+2jhc="
    },
    "node_modules/@emotion/unitless": {
      "version": "0.8.1",
      "resolved": "https://jarowa.pkgs.visualstudio.com/_packaging/jarowa-npm-registry/npm/registry/@emotion/unitless/-/unitless-0.8.1.tgz",
      "integrity": "sha1-GCtaRwTvitkb3pP3qGCoj9kseaM="
    },
    "node_modules/@types/stylis": {
      "version": "4.2.5",
      "resolved": "https://jarowa.pkgs.visualstudio.com/_packaging/jarowa-npm-registry/npm/registry/@types/stylis/-/stylis-4.2.5.tgz",
      "integrity": "sha1-HapkVvQJWdBhV2mKZTqasKcCgd8="
    },
    "node_modules/camelize": {
      "version": "1.0.1",
      "resolved": "https://jarowa.pkgs.visualstudio.com/_packaging/jarowa-npm-registry/npm/registry/camelize/-/camelize-1.0.1.tgz",
      "integrity": "sha1-ibfhaIQFYzGjXWta0GQzLJHapsM=",
      "funding": {
        "url": "https://github.com/sponsors/ljharb"
      }
    },
    "node_modules/css-color-keywords": {
      "version": "1.0.0",
      "resolved": "https://jarowa.pkgs.visualstudio.com/_packaging/jarowa-npm-registry/npm/registry/css-color-keywords/-/css-color-keywords-1.0.0.tgz",
      "integrity": "sha1-/qJhbcZ2spYmhrOvjb2+GAskTgU=",
      "engines": {
        "node": ">=4"
      }
    },
    "node_modules/css-to-react-native": {
      "version": "3.2.0",
      "resolved": "https://jarowa.pkgs.visualstudio.com/_packaging/jarowa-npm-registry/npm/registry/css-to-react-native/-/css-to-react-native-3.2.0.tgz",
      "integrity": "sha1-zdgJn3ECThSeT2/hen1G7NVfHjI=",
      "dependencies": {
        "camelize": "^1.0.0",
        "css-color-keywords": "^1.0.0",
        "postcss-value-parser": "^4.0.2"
      }
    },
    "node_modules/csstype": {
      "version": "3.1.3",
      "resolved": "https://jarowa.pkgs.visualstudio.com/_packaging/jarowa-npm-registry/npm/registry/csstype/-/csstype-3.1.3.tgz",
      "integrity": "sha1-2A/ylNEU+w5qxQD7+FtgE31+/4E="
    },
    "node_modules/js-tokens": {
      "version": "4.0.0",
      "resolved": "https://jarowa.pkgs.visualstudio.com/_packaging/jarowa-npm-registry/npm/registry/js-tokens/-/js-tokens-4.0.0.tgz",
      "integrity": "sha1-GSA/tZmR35jjoocFDUZHzerzJJk=",
      "peer": true
    },
    "node_modules/loose-envify": {
      "version": "1.4.0",
      "resolved": "https://jarowa.pkgs.visualstudio.com/_packaging/jarowa-npm-registry/npm/registry/loose-envify/-/loose-envify-1.4.0.tgz",
      "integrity": "sha1-ce5R+nvkyuwaY4OffmgtgTLTDK8=",
      "peer": true,
      "dependencies": {
        "js-tokens": "^3.0.0 || ^4.0.0"
      },
      "bin": {
        "loose-envify": "cli.js"
      }
    },
    "node_modules/nanoid": {
      "version": "3.3.7",
      "resolved": "https://jarowa.pkgs.visualstudio.com/_packaging/jarowa-npm-registry/npm/registry/nanoid/-/nanoid-3.3.7.tgz",
      "integrity": "sha1-0MMBppG8jVTvoKIibM8/4v1la9g=",
      "funding": [
        {
          "type": "github",
          "url": "https://github.com/sponsors/ai"
        }
      ],
      "bin": {
        "nanoid": "bin/nanoid.cjs"
      },
      "engines": {
        "node": "^10 || ^12 || ^13.7 || ^14 || >=15.0.1"
      }
    },
    "node_modules/picocolors": {
      "version": "1.0.1",
      "resolved": "https://jarowa.pkgs.visualstudio.com/_packaging/jarowa-npm-registry/npm/registry/picocolors/-/picocolors-1.0.1.tgz",
      "integrity": "sha1-qK1Xm1cZUvDl0liS3lRFvP4lqqE="
    },
    "node_modules/postcss": {
      "version": "8.4.38",
      "resolved": "https://jarowa.pkgs.visualstudio.com/_packaging/jarowa-npm-registry/npm/registry/postcss/-/postcss-8.4.38.tgz",
      "integrity": "sha1-s4fVM7ryBUKI4zcGbYHGvunbng4=",
      "funding": [
        {
          "type": "opencollective",
          "url": "https://opencollective.com/postcss/"
        },
        {
          "type": "tidelift",
          "url": "https://tidelift.com/funding/github/npm/postcss"
        },
        {
          "type": "github",
          "url": "https://github.com/sponsors/ai"
        }
      ],
      "dependencies": {
        "nanoid": "^3.3.7",
        "picocolors": "^1.0.0",
        "source-map-js": "^1.2.0"
      },
      "engines": {
        "node": "^10 || ^12 || >=14"
      }
    },
    "node_modules/postcss-value-parser": {
      "version": "4.2.0",
      "resolved": "https://jarowa.pkgs.visualstudio.com/_packaging/jarowa-npm-registry/npm/registry/postcss-value-parser/-/postcss-value-parser-4.2.0.tgz",
      "integrity": "sha1-cjwJkgg2um0+WvAZ+SvAlxwC5RQ="
    },
    "node_modules/react": {
      "version": "18.3.1",
      "resolved": "https://jarowa.pkgs.visualstudio.com/_packaging/jarowa-npm-registry/npm/registry/react/-/react-18.3.1.tgz",
      "integrity": "sha1-SauJIAnFOTNiW9FrJTP8dUyrKJE=",
      "peer": true,
      "dependencies": {
        "loose-envify": "^1.1.0"
      },
      "engines": {
        "node": ">=0.10.0"
      }
    },
    "node_modules/react-dom": {
      "version": "18.3.1",
      "resolved": "https://jarowa.pkgs.visualstudio.com/_packaging/jarowa-npm-registry/npm/registry/react-dom/-/react-dom-18.3.1.tgz",
      "integrity": "sha1-wiZdeVEbV9R5s90/36UVNklMXLQ=",
      "peer": true,
      "dependencies": {
        "loose-envify": "^1.1.0",
        "scheduler": "^0.23.2"
      },
      "peerDependencies": {
        "react": "^18.3.1"
      }
    },
    "node_modules/scheduler": {
      "version": "0.23.2",
      "resolved": "https://jarowa.pkgs.visualstudio.com/_packaging/jarowa-npm-registry/npm/registry/scheduler/-/scheduler-0.23.2.tgz",
      "integrity": "sha1-QUumSjsoKJLpRM8hCOzAeNEVzcM=",
      "peer": true,
      "dependencies": {
        "loose-envify": "^1.1.0"
      }
    },
    "node_modules/shallowequal": {
      "version": "1.1.0",
      "resolved": "https://jarowa.pkgs.visualstudio.com/_packaging/jarowa-npm-registry/npm/registry/shallowequal/-/shallowequal-1.1.0.tgz",
      "integrity": "sha1-GI1SHelbkIdAT9TctosT3wrk5/g="
    },
    "node_modules/source-map-js": {
      "version": "1.2.0",
      "resolved": "https://jarowa.pkgs.visualstudio.com/_packaging/jarowa-npm-registry/npm/registry/source-map-js/-/source-map-js-1.2.0.tgz",
      "integrity": "sha1-FrgJwWJRe1uMPn3NMVoqXCYSsq8=",
      "engines": {
        "node": ">=0.10.0"
      }
    },
    "node_modules/styled-components": {
      "version": "6.1.12",
      "resolved": "https://jarowa.pkgs.visualstudio.com/_packaging/jarowa-npm-registry/npm/registry/styled-components/-/styled-components-6.1.12.tgz",
      "integrity": "sha1-DZ1RGqz7kFKTYUbcwoVlWeb65N8=",
      "dependencies": {
        "@emotion/is-prop-valid": "1.2.2",
        "@emotion/unitless": "0.8.1",
        "@types/stylis": "4.2.5",
        "css-to-react-native": "3.2.0",
        "csstype": "3.1.3",
        "postcss": "8.4.38",
        "shallowequal": "1.1.0",
        "stylis": "4.3.2",
        "tslib": "2.6.2"
      },
      "engines": {
        "node": ">= 16"
      },
      "funding": {
        "type": "opencollective",
        "url": "https://opencollective.com/styled-components"
      },
      "peerDependencies": {
        "react": ">= 16.8.0",
        "react-dom": ">= 16.8.0"
      }
    },
    "node_modules/stylis": {
      "version": "4.3.2",
      "resolved": "https://jarowa.pkgs.visualstudio.com/_packaging/jarowa-npm-registry/npm/registry/stylis/-/stylis-4.3.2.tgz",
      "integrity": "sha1-j3a3B3fdU+tmnG9YyZe/Cply5EQ="
    },
    "node_modules/tslib": {
      "version": "2.6.2",
      "resolved": "https://jarowa.pkgs.visualstudio.com/_packaging/jarowa-npm-registry/npm/registry/tslib/-/tslib-2.6.2.tgz",
      "integrity": "sha1-cDrClCXns3zW/UVukkBNRtHz5K4="
    }
  }
}
